
Microsoft Visual Studio Solution File, Format Version 12.00
# Visual Studio 15
VisualStudioVersion = 15.0.28307.102
MinimumVisualStudioVersion = 10.0.40219.1
Project("{FAE04EC0-301F-11D3-BF4B-00C04F79EFBC}") = "CameraCapture", "CameraCapture\CameraCapture.csproj", "{104C0744-DA8B-4484-A95D-954CAEB9B19A}"
EndProject
Global
	GlobalSection(SolutionConfigurationPlatforms) = preSolution
		Debug|Any CPU = Debug|Any CPU
		Release|Any CPU = Release|Any CPU
	EndGlobalSection
	GlobalSection(ProjectConfigurationPlatforms) = postSolution
		{104C0744-DA8B-4484-A95D-954CAEB9B19A}.Debug|Any CPU.ActiveCfg = Debug|Any CPU
		{104C0744-DA8B-4484-A95D-954CAEB9B19A}.Debug|Any CPU.Build.0 = Debug|Any CPU
		{104C0744-DA8B-4484-A95D-954CAEB9B19A}.Release|Any CPU.ActiveCfg = Release|Any CPU
		{104C0744-DA8B-4484-A95D-954CAEB9B19A}.Release|Any CPU.Build.0 = Release|Any CPU
	EndGlobalSection
	GlobalSection(SolutionProperties) = preSolution
		HideSolutionNode = FALSE
	EndGlobalSection
	GlobalSection(ExtensibilityGlobals) = postSolution
		SolutionGuid = {BBAEE67C-4436-4969-8D69-EA1240DC2C69}
	EndGlobalSection
EndGlobal
